github.com/Enterprise-Automation/check-ms-helper v0.0.0-20231228121412-0e645cfdc730 h1:7K4Jz5gm+6FsZzQSqyQlcejZZUadtNUk+SWzm/3YZ14=
github.com/Enterprise-Automation/check-ms-helper v0.0.0-20231228121412-0e645cfdc730/go.mod h1:092S4ntUshguTqESud/ZCUlWmztTOrfDpnpuj1gmj64=
github.com/Enterprise-Automation/check-ms-helper v0.0.0-20231228125542-7047f104dcc3 h1:06Y0/uVwndQI/4X3m2L0FQEodjxwk9Rf1GsXjROIC+c=
github.com/Enterprise-Automation/check-ms-helper v0.0.0-20231228125542-7047f104dcc3/go.mod h1:092S4ntUshguTqESud/ZCUlWmztTOrfDpnpuj1gmj64=
github.com/Enterprise-Automation/check-ms-helper v0.0.0-20231228130721-feb5c023d7a0 h1:hLiLJpSlCybFskbSPwFh46dfQgOU62pxcpmpHqCLUa8=
github.com/Enterprise-Automation/check-ms-helper v0.0.0-20231228130721-feb5c023d7a0/go.mod h1:092S4ntUshguTqESud/ZCUlWmztTOrfDpnpuj1gmj64=
github.com/Enterprise-Automation/check-ms-helper v0.0.0-20231228140710-9a946713f099 h1:lpIsG1Jn0EhKvhZU+AeTox9OfU320oxEIWjVcmClD+E=
github.com/Enterprise-Automation/check-ms-helper v0.0.0-20231228140710-9a946713f099/go.mod h1:092S4ntUshguTqESud/ZCUlWmztTOrfDpnpuj1gmj64=
